
Microsoft Visual Studio Solution File, Format Version 12.00
# Visual Studio Version 17
VisualStudioVersion = 17.0.31903.59
MinimumVisualStudioVersion = 10.0.40219.1
Project("{2150E333-8FDC-42A3-9474-1A3956D46DE8}") = "src", "src", "{827E0CD3-B72D-47B6-A68D-7590B98EB39B}"
EndProject
Project("{FAE04EC0-301F-11D3-BF4B-00C04F79EFBC}") = "EqlGearHelper.Domain", "src\EqlGearHelper.Domain\EqlGearHelper.Domain.csproj", "{953C0190-D8A3-44B7-A89B-6FC89A920401}"
EndProject
Project("{FAE04EC0-301F-11D3-BF4B-00C04F79EFBC}") = "EqlGearHelper.Application", "src\EqlGearHelper.Application\EqlGearHelper.Application.csproj", "{C077E06B-E35A-49E4-9682-2E781DB609A7}"
EndProject
Project("{FAE04EC0-301F-11D3-BF4B-00C04F79EFBC}") = "EqlGearHelper.Infrastructure", "src\EqlGearHelper.Infrastructure\EqlGearHelper.Infrastructure.csproj", "{ECF9BB02-6799-486B-9158-FBE9B6549E65}"
EndProject
Project("{FAE04EC0-301F-11D3-BF4B-00C04F79EFBC}") = "EqlGearHelper.Wpf", "src\EqlGearHelper.Wpf\EqlGearHelper.Wpf.csproj", "{EB0C5C83-79C7-42F8-A784-CE66C50A62FD}"
EndProject
Project("{FAE04EC0-301F-11D3-BF4B-00C04F79EFBC}") = "eql-gear-helper.Tests", "eql-gear-helper.Tests\eql-gear-helper.Tests.csproj", "{360C155A-7ECF-424E-B4AE-F31DFD002D34}"
EndProject
Project("{2150E333-8FDC-42A3-9474-1A3956D46DE8}") = "tests", "tests", "{0AB3BF05-4346-4AA6-1389-037BE0695223}"
EndProject
Project("{FAE04EC0-301F-11D3-BF4B-00C04F79EFBC}") = "EqlGearHelper.Architecture.Tests", "tests\EqlGearHelper.Architecture.Tests\EqlGearHelper.Architecture.Tests.csproj", "{2A230A21-10E2-42F2-B155-A03E3F243270}"
EndProject
Project("{FAE04EC0-301F-11D3-BF4B-00C04F79EFBC}") = "EqlGearHelper.Domain.Tests", "tests\EqlGearHelper.Domain.Tests\EqlGearHelper.Domain.Tests.csproj", "{7A8DA0E0-7FCB-4F3C-864D-D5721DDFD85D}"
EndProject
Project("{FAE04EC0-301F-11D3-BF4B-00C04F79EFBC}") = "EqlGearHelper.Infrastructure.Tests", "tests\EqlGearHelper.Infrastructure.Tests\EqlGearHelper.Infrastructure.Tests.csproj", "{55F68DAE-9740-43C0-916B-ADED39CBDD65}"
EndProject
Project("{FAE04EC0-301F-11D3-BF4B-00C04F79EFBC}") = "EqlGearHelper.Application.Tests", "tests\EqlGearHelper.Application.Tests\EqlGearHelper.Application.Tests.csproj", "{960FBDE7-0DAC-4505-9B36-B994D033A198}"
EndProject
Project("{FAE04EC0-301F-11D3-BF4B-00C04F79EFBC}") = "EqlGearHelper.Wpf.Tests", "tests\EqlGearHelper.Wpf.Tests\EqlGearHelper.Wpf.Tests.csproj", "{1C9937AB-65D8-4EB8-909D-328ECBEEF11B}"
EndProject
Global
	GlobalSection(SolutionConfigurationPlatforms) = preSolution
		Debug|Any CPU = Debug|Any CPU
		Debug|x64 = Debug|x64
		Debug|x86 = Debug|x86
		Release|Any CPU = Release|Any CPU
		Release|x64 = Release|x64
		Release|x86 = Release|x86
	EndGlobalSection
	GlobalSection(ProjectConfigurationPlatforms) = postSolution
		{953C0190-D8A3-44B7-A89B-6FC89A920401}.Debug|Any CPU.ActiveCfg = Debug|Any CPU
		{953C0190-D8A3-44B7-A89B-6FC89A920401}.Debug|Any CPU.Build.0 = Debug|Any CPU
		{953C0190-D8A3-44B7-A89B-6FC89A920401}.Debug|x64.ActiveCfg = Debug|Any CPU
		{953C0190-D8A3-44B7-A89B-6FC89A920401}.Debug|x64.Build.0 = Debug|Any CPU
		{953C0190-D8A3-44B7-A89B-6FC89A920401}.Debug|x86.ActiveCfg = Debug|Any CPU
		{953C0190-D8A3-44B7-A89B-6FC89A920401}.Debug|x86.Build.0 = Debug|Any CPU
		{953C0190-D8A3-44B7-A89B-6FC89A920401}.Release|Any CPU.ActiveCfg = Release|Any CPU
		{953C0190-D8A3-44B7-A89B-6FC89A920401}.Release|Any CPU.Build.0 = Release|Any CPU
		{953C0190-D8A3-44B7-A89B-6FC89A920401}.Release|x64.ActiveCfg = Release|Any CPU
		{953C0190-D8A3-44B7-A89B-6FC89A920401}.Release|x64.Build.0 = Release|Any CPU
		{953C0190-D8A3-44B7-A89B-6FC89A920401}.Release|x86.ActiveCfg = Release|Any CPU
		{953C0190-D8A3-44B7-A89B-6FC89A920401}.Release|x86.Build.0 = Release|Any CPU
		{C077E06B-E35A-49E4-9682-2E781DB609A7}.Debug|Any CPU.ActiveCfg = Debug|Any CPU
		{C077E06B-E35A-49E4-9682-2E781DB609A7}.Debug|Any CPU.Build.0 = Debug|Any CPU
		{C077E06B-E35A-49E4-9682-2E781DB609A7}.Debug|x64.ActiveCfg = Debug|Any CPU
		{C077E06B-E35A-49E4-9682-2E781DB609A7}.Debug|x64.Build.0 = Debug|Any CPU
		{C077E06B-E35A-49E4-9682-2E781DB609A7}.Debug|x86.ActiveCfg = Debug|Any CPU
		{C077E06B-E35A-49E4-9682-2E781DB609A7}.Debug|x86.Build.0 = Debug|Any CPU
		{C077E06B-E35A-49E4-9682-2E781DB609A7}.Release|Any CPU.ActiveCfg = Release|Any CPU
		{C077E06B-E35A-49E4-9682-2E781DB609A7}.Release|Any CPU.Build.0 = Release|Any CPU
		{C077E06B-E35A-49E4-9682-2E781DB609A7}.Release|x64.ActiveCfg = Release|Any CPU
		{C077E06B-E35A-49E4-9682-2E781DB609A7}.Release|x64.Build.0 = Release|Any CPU
		{C077E06B-E35A-49E4-9682-2E781DB609A7}.Release|x86.ActiveCfg = Release|Any CPU
		{C077E06B-E35A-49E4-9682-2E781DB609A7}.Release|x86.Build.0 = Release|Any CPU
		{ECF9BB02-6799-486B-9158-FBE9B6549E65}.Debug|Any CPU.ActiveCfg = Debug|Any CPU
		{ECF9BB02-6799-486B-9158-FBE9B6549E65}.Debug|Any CPU.Build.0 = Debug|Any CPU
		{ECF9BB02-6799-486B-9158-FBE9B6549E65}.Debug|x64.ActiveCfg = Debug|Any CPU
		{ECF9BB02-6799-486B-9158-FBE9B6549E65}.Debug|x64.Build.0 = Debug|Any CPU
		{ECF9BB02-6799-486B-9158-FBE9B6549E65}.Debug|x86.ActiveCfg = Debug|Any CPU
		{ECF9BB02-6799-486B-9158-FBE9B6549E65}.Debug|x86.Build.0 = Debug|Any CPU
		{ECF9BB02-6799-486B-9158-FBE9B6549E65}.Release|Any CPU.ActiveCfg = Release|Any CPU
		{ECF9BB02-6799-486B-9158-FBE9B6549E65}.Release|Any CPU.Build.0 = Release|Any CPU
		{ECF9BB02-6799-486B-9158-FBE9B6549E65}.Release|x64.ActiveCfg = Release|Any CPU
		{ECF9BB02-6799-486B-9158-FBE9B6549E65}.Release|x64.Build.0 = Release|Any CPU
		{ECF9BB02-6799-486B-9158-FBE9B6549E65}.Release|x86.ActiveCfg = Release|Any CPU
		{ECF9BB02-6799-486B-9158-FBE9B6549E65}.Release|x86.Build.0 = Release|Any CPU
		{EB0C5C83-79C7-42F8-A784-CE66C50A62FD}.Debug|Any CPU.ActiveCfg = Debug|Any CPU
		{EB0C5C83-79C7-42F8-A784-CE66C50A62FD}.Debug|Any CPU.Build.0 = Debug|Any CPU
		{EB0C5C83-79C7-42F8-A784-CE66C50A62FD}.Debug|x64.ActiveCfg = Debug|Any CPU
		{EB0C5C83-79C7-42F8-A784-CE66C50A62FD}.Debug|x64.Build.0 = Debug|Any CPU
		{EB0C5C83-79C7-42F8-A784-CE66C50A62FD}.Debug|x86.ActiveCfg = Debug|Any CPU
		{EB0C5C83-79C7-42F8-A784-CE66C50A62FD}.Debug|x86.Build.0 = Debug|Any CPU
		{EB0C5C83-79C7-42F8-A784-CE66C50A62FD}.Release|Any CPU.ActiveCfg = Release|Any CPU
		{EB0C5C83-79C7-42F8-A784-CE66C50A62FD}.Release|Any CPU.Build.0 = Release|Any CPU
		{EB0C5C83-79C7-42F8-A784-CE66C50A62FD}.Release|x64.ActiveCfg = Release|Any CPU
		{EB0C5C83-79C7-42F8-A784-CE66C50A62FD}.Release|x64.Build.0 = Release|Any CPU
		{EB0C5C83-79C7-42F8-A784-CE66C50A62FD}.Release|x86.ActiveCfg = Release|Any CPU
		{EB0C5C83-79C7-42F8-A784-CE66C50A62FD}.Release|x86.Build.0 = Release|Any CPU
		{360C155A-7ECF-424E-B4AE-F31DFD002D34}.Debug|Any CPU.ActiveCfg = Debug|Any CPU
		{360C155A-7ECF-424E-B4AE-F31DFD002D34}.Debug|Any CPU.Build.0 = Debug|Any CPU
		{360C155A-7ECF-424E-B4AE-F31DFD002D34}.Debug|x64.ActiveCfg = Debug|Any CPU
		{360C155A-7ECF-424E-B4AE-F31DFD002D34}.Debug|x64.Build.0 = Debug|Any CPU
		{360C155A-7ECF-424E-B4AE-F31DFD002D34}.Debug|x86.ActiveCfg = Debug|Any CPU
		{360C155A-7ECF-424E-B4AE-F31DFD002D34}.Debug|x86.Build.0 = Debug|Any CPU
		{360C155A-7ECF-424E-B4AE-F31DFD002D34}.Release|Any CPU.ActiveCfg = Release|Any CPU
		{360C155A-7ECF-424E-B4AE-F31DFD002D34}.Release|Any CPU.Build.0 = Release|Any CPU
		{360C155A-7ECF-424E-B4AE-F31DFD002D34}.Release|x64.ActiveCfg = Release|Any CPU
		{360C155A-7ECF-424E-B4AE-F31DFD002D34}.Release|x64.Build.0 = Release|Any CPU
		{360C155A-7ECF-424E-B4AE-F31DFD002D34}.Release|x86.ActiveCfg = Release|Any CPU
		{360C155A-7ECF-424E-B4AE-F31DFD002D34}.Release|x86.Build.0 = Release|Any CPU
		{2A230A21-10E2-42F2-B155-A03E3F243270}.Debug|Any CPU.ActiveCfg = Debug|Any CPU
		{2A230A21-10E2-42F2-B155-A03E3F243270}.Debug|Any CPU.Build.0 = Debug|Any CPU
		{2A230A21-10E2-42F2-B155-A03E3F243270}.Debug|x64.ActiveCfg = Debug|Any CPU
		{2A230A21-10E2-42F2-B155-A03E3F243270}.Debug|x64.Build.0 = Debug|Any CPU
		{2A230A21-10E2-42F2-B155-A03E3F243270}.Debug|x86.ActiveCfg = Debug|Any CPU
		{2A230A21-10E2-42F2-B155-A03E3F243270}.Debug|x86.Build.0 = Debug|Any CPU
		{2A230A21-10E2-42F2-B155-A03E3F243270}.Release|Any CPU.ActiveCfg = Release|Any CPU
		{2A230A21-10E2-42F2-B155-A03E3F243270}.Release|Any CPU.Build.0 = Release|Any CPU
		{2A230A21-10E2-42F2-B155-A03E3F243270}.Release|x64.ActiveCfg = Release|Any CPU
		{2A230A21-10E2-42F2-B155-A03E3F243270}.Release|x64.Build.0 = Release|Any CPU
		{2A230A21-10E2-42F2-B155-A03E3F243270}.Release|x86.ActiveCfg = Release|Any CPU
		{2A230A21-10E2-42F2-B155-A03E3F243270}.Release|x86.Build.0 = Release|Any CPU
		{7A8DA0E0-7FCB-4F3C-864D-D5721DDFD85D}.Debug|Any CPU.ActiveCfg = Debug|Any CPU
		{7A8DA0E0-7FCB-4F3C-864D-D5721DDFD85D}.Debug|Any CPU.Build.0 = Debug|Any CPU
		{7A8DA0E0-7FCB-4F3C-864D-D5721DDFD85D}.Debug|x64.ActiveCfg = Debug|Any CPU
		{7A8DA0E0-7FCB-4F3C-864D-D5721DDFD85D}.Debug|x64.Build.0 = Debug|Any CPU
		{7A8DA0E0-7FCB-4F3C-864D-D5721DDFD85D}.Debug|x86.ActiveCfg = Debug|Any CPU
		{7A8DA0E0-7FCB-4F3C-864D-D5721DDFD85D}.Debug|x86.Build.0 = Debug|Any CPU
		{7A8DA0E0-7FCB-4F3C-864D-D5721DDFD85D}.Release|Any CPU.ActiveCfg = Release|Any CPU
		{7A8DA0E0-7FCB-4F3C-864D-D5721DDFD85D}.Release|Any CPU.Build.0 = Release|Any CPU
		{7A8DA0E0-7FCB-4F3C-864D-D5721DDFD85D}.Release|x64.ActiveCfg = Release|Any CPU
		{7A8DA0E0-7FCB-4F3C-864D-D5721DDFD85D}.Release|x64.Build.0 = Release|Any CPU
		{7A8DA0E0-7FCB-4F3C-864D-D5721DDFD85D}.Release|x86.ActiveCfg = Release|Any CPU
		{7A8DA0E0-7FCB-4F3C-864D-D5721DDFD85D}.Release|x86.Build.0 = Release|Any CPU
		{55F68DAE-9740-43C0-916B-ADED39CBDD65}.Debug|Any CPU.ActiveCfg = Debug|Any CPU
		{55F68DAE-9740-43C0-916B-ADED39CBDD65}.Debug|Any CPU.Build.0 = Debug|Any CPU
		{55F68DAE-9740-43C0-916B-ADED39CBDD65}.Debug|x64.ActiveCfg = Debug|Any CPU
		{55F68DAE-9740-43C0-916B-ADED39CBDD65}.Debug|x64.Build.0 = Debug|Any CPU
		{55F68DAE-9740-43C0-916B-ADED39CBDD65}.Debug|x86.ActiveCfg = Debug|Any CPU
		{55F68DAE-9740-43C0-916B-ADED39CBDD65}.Debug|x86.Build.0 = Debug|Any CPU
		{55F68DAE-9740-43C0-916B-ADED39CBDD65}.Release|Any CPU.ActiveCfg = Release|Any CPU
		{55F68DAE-9740-43C0-916B-ADED39CBDD65}.Release|Any CPU.Build.0 = Release|Any CPU
		{55F68DAE-9740-43C0-916B-ADED39CBDD65}.Release|x64.ActiveCfg = Release|Any CPU
		{55F68DAE-9740-43C0-916B-ADED39CBDD65}.Release|x64.Build.0 = Release|Any CPU
		{55F68DAE-9740-43C0-916B-ADED39CBDD65}.Release|x86.ActiveCfg = Release|Any CPU
		{55F68DAE-9740-43C0-916B-ADED39CBDD65}.Release|x86.Build.0 = Release|Any CPU
		{960FBDE7-0DAC-4505-9B36-B994D033A198}.Debug|Any CPU.ActiveCfg = Debug|Any CPU
		{960FBDE7-0DAC-4505-9B36-B994D033A198}.Debug|Any CPU.Build.0 = Debug|Any CPU
		{960FBDE7-0DAC-4505-9B36-B994D033A198}.Debug|x64.ActiveCfg = Debug|Any CPU
		{960FBDE7-0DAC-4505-9B36-B994D033A198}.Debug|x64.Build.0 = Debug|Any CPU
		{960FBDE7-0DAC-4505-9B36-B994D033A198}.Debug|x86.ActiveCfg = Debug|Any CPU
		{960FBDE7-0DAC-4505-9B36-B994D033A198}.Debug|x86.Build.0 = Debug|Any CPU
		{960FBDE7-0DAC-4505-9B36-B994D033A198}.Release|Any CPU.ActiveCfg = Release|Any CPU
		{960FBDE7-0DAC-4505-9B36-B994D033A198}.Release|Any CPU.Build.0 = Release|Any CPU
		{960FBDE7-0DAC-4505-9B36-B994D033A198}.Release|x64.ActiveCfg = Release|Any CPU
		{960FBDE7-0DAC-4505-9B36-B994D033A198}.Release|x64.Build.0 = Release|Any CPU
		{960FBDE7-0DAC-4505-9B36-B994D033A198}.Release|x86.ActiveCfg = Release|Any CPU
		{960FBDE7-0DAC-4505-9B36-B994D033A198}.Release|x86.Build.0 = Release|Any CPU
		{1C9937AB-65D8-4EB8-909D-328ECBEEF11B}.Debug|Any CPU.ActiveCfg = Debug|Any CPU
		{1C9937AB-65D8-4EB8-909D-328ECBEEF11B}.Debug|Any CPU.Build.0 = Debug|Any CPU
		{1C9937AB-65D8-4EB8-909D-328ECBEEF11B}.Debug|x64.ActiveCfg = Debug|Any CPU
		{1C9937AB-65D8-4EB8-909D-328ECBEEF11B}.Debug|x64.Build.0 = Debug|Any CPU
		{1C9937AB-65D8-4EB8-909D-328ECBEEF11B}.Debug|x86.ActiveCfg = Debug|Any CPU
		{1C9937AB-65D8-4EB8-909D-328ECBEEF11B}.Debug|x86.Build.0 = Debug|Any CPU
		{1C9937AB-65D8-4EB8-909D-328ECBEEF11B}.Release|Any CPU.ActiveCfg = Release|Any CPU
		{1C9937AB-65D8-4EB8-909D-328ECBEEF11B}.Release|Any CPU.Build.0 = Release|Any CPU
		{1C9937AB-65D8-4EB8-909D-328ECBEEF11B}.Release|x64.ActiveCfg = Release|Any CPU
		{1C9937AB-65D8-4EB8-909D-328ECBEEF11B}.Release|x64.Build.0 = Release|Any CPU
		{1C9937AB-65D8-4EB8-909D-328ECBEEF11B}.Release|x86.ActiveCfg = Release|Any CPU
		{1C9937AB-65D8-4EB8-909D-328ECBEEF11B}.Release|x86.Build.0 = Release|Any CPU
	EndGlobalSection
	GlobalSection(SolutionProperties) = preSolution
		HideSolutionNode = FALSE
	EndGlobalSection
	GlobalSection(NestedProjects) = preSolution
		{953C0190-D8A3-44B7-A89B-6FC89A920401} = {827E0CD3-B72D-47B6-A68D-7590B98EB39B}
		{C077E06B-E35A-49E4-9682-2E781DB609A7} = {827E0CD3-B72D-47B6-A68D-7590B98EB39B}
		{ECF9BB02-6799-486B-9158-FBE9B6549E65} = {827E0CD3-B72D-47B6-A68D-7590B98EB39B}
		{EB0C5C83-79C7-42F8-A784-CE66C50A62FD} = {827E0CD3-B72D-47B6-A68D-7590B98EB39B}
		{2A230A21-10E2-42F2-B155-A03E3F243270} = {0AB3BF05-4346-4AA6-1389-037BE0695223}
		{7A8DA0E0-7FCB-4F3C-864D-D5721DDFD85D} = {0AB3BF05-4346-4AA6-1389-037BE0695223}
		{55F68DAE-9740-43C0-916B-ADED39CBDD65} = {0AB3BF05-4346-4AA6-1389-037BE0695223}
		{960FBDE7-0DAC-4505-9B36-B994D033A198} = {0AB3BF05-4346-4AA6-1389-037BE0695223}
		{1C9937AB-65D8-4EB8-909D-328ECBEEF11B} = {0AB3BF05-4346-4AA6-1389-037BE0695223}
	EndGlobalSection
EndGlobal
